Microsoft Visual Studio Solution File, Format Version 12.00
# Visual Studio Version 17
VisualStudioVersion = 17.5.2.0
MinimumVisualStudioVersion = 10.0.40219.1
Project("{FAE04EC0-301F-11D3-BF4B-00C04F79EFBC}") = "HouseExample", "HouseExample.csproj", "{C670E69A-FBDA-F28F-8C47-4FE487D2477B}"
EndProject
Global
	GlobalSection(SolutionConfigurationPlatforms) = preSolution
		Debug|Any CPU = Debug|Any CPU
		Release|Any CPU = Release|Any CPU
	EndGlobalSection
	GlobalSection(ProjectConfigurationPlatforms) = postSolution
		{C670E69A-FBDA-F28F-8C47-4FE487D2477B}.Debug|Any CPU.ActiveCfg = Debug|Any CPU
		{C670E69A-FBDA-F28F-8C47-4FE487D2477B}.Debug|Any CPU.Build.0 = Debug|Any CPU
		{C670E69A-FBDA-F28F-8C47-4FE487D2477B}.Release|Any CPU.ActiveCfg = Release|Any CPU
		{C670E69A-FBDA-F28F-8C47-4FE487D2477B}.Release|Any CPU.Build.0 = Release|Any CPU
	EndGlobalSection
	GlobalSection(SolutionProperties) = preSolution
		HideSolutionNode = FALSE
	EndGlobalSection
	GlobalSection(ExtensibilityGlobals) = postSolution
		SolutionGuid = {DBC669C5-3035-40A5-B8D9-754A79CF4B62}
	EndGlobalSection
EndGlobal
