Microsoft Visual Studio Solution File, Format Version 12.00
# Visual Studio Version 17
VisualStudioVersion = 17.5.2.0
MinimumVisualStudioVersion = 10.0.40219.1
Project("{FAE04EC0-301F-11D3-BF4B-00C04F79EFBC}") = "EuerName_HouseExample", "EuerName_HouseExample.csproj", "{AEBB2130-8B50-0271-6125-F1117D2CF6B1}"
EndProject
Global
	GlobalSection(SolutionConfigurationPlatforms) = preSolution
		Debug|Any CPU = Debug|Any CPU
		Release|Any CPU = Release|Any CPU
	EndGlobalSection
	GlobalSection(ProjectConfigurationPlatforms) = postSolution
		{AEBB2130-8B50-0271-6125-F1117D2CF6B1}.Debug|Any CPU.ActiveCfg = Debug|Any CPU
		{AEBB2130-8B50-0271-6125-F1117D2CF6B1}.Debug|Any CPU.Build.0 = Debug|Any CPU
		{AEBB2130-8B50-0271-6125-F1117D2CF6B1}.Release|Any CPU.ActiveCfg = Release|Any CPU
		{AEBB2130-8B50-0271-6125-F1117D2CF6B1}.Release|Any CPU.Build.0 = Release|Any CPU
	EndGlobalSection
	GlobalSection(SolutionProperties) = preSolution
		HideSolutionNode = FALSE
	EndGlobalSection
	GlobalSection(ExtensibilityGlobals) = postSolution
		SolutionGuid = {E0D7A129-5809-4FF1-873E-54BBCF85655A}
	EndGlobalSection
EndGlobal
