Microsoft Visual Studio Solution File, Format Version 12.00
# Visual Studio Version 17
VisualStudioVersion = 17.5.2.0
MinimumVisualStudioVersion = 10.0.40219.1
Project("{FAE04EC0-301F-11D3-BF4B-00C04F79EFBC}") = "MeinHaus", "MeinHaus.csproj", "{18638A68-AE87-28A4-CB55-68F2E565B702}"
EndProject
Global
	GlobalSection(SolutionConfigurationPlatforms) = preSolution
		Debug|Any CPU = Debug|Any CPU
		Release|Any CPU = Release|Any CPU
	EndGlobalSection
	GlobalSection(ProjectConfigurationPlatforms) = postSolution
		{18638A68-AE87-28A4-CB55-68F2E565B702}.Debug|Any CPU.ActiveCfg = Debug|Any CPU
		{18638A68-AE87-28A4-CB55-68F2E565B702}.Debug|Any CPU.Build.0 = Debug|Any CPU
		{18638A68-AE87-28A4-CB55-68F2E565B702}.Release|Any CPU.ActiveCfg = Release|Any CPU
		{18638A68-AE87-28A4-CB55-68F2E565B702}.Release|Any CPU.Build.0 = Release|Any CPU
	EndGlobalSection
	GlobalSection(SolutionProperties) = preSolution
		HideSolutionNode = FALSE
	EndGlobalSection
	GlobalSection(ExtensibilityGlobals) = postSolution
		SolutionGuid = {0BDBCAE0-B0FC-4CBC-8809-1725530A06AE}
	EndGlobalSection
EndGlobal
