Microsoft Visual Studio Solution File, Format Version 12.00
# Visual Studio Version 17
VisualStudioVersion = 17.5.2.0
MinimumVisualStudioVersion = 10.0.40219.1
Project("{FAE04EC0-301F-11D3-BF4B-00C04F79EFBC}") = "TobiasEberle_HouseExample", "TobiasEberle_HouseExample.csproj", "{24681AE2-3E7D-8FAF-1401-0CF9CE266F4B}"
EndProject
Global
	GlobalSection(SolutionConfigurationPlatforms) = preSolution
		Debug|Any CPU = Debug|Any CPU
		Release|Any CPU = Release|Any CPU
	EndGlobalSection
	GlobalSection(ProjectConfigurationPlatforms) = postSolution
		{24681AE2-3E7D-8FAF-1401-0CF9CE266F4B}.Debug|Any CPU.ActiveCfg = Debug|Any CPU
		{24681AE2-3E7D-8FAF-1401-0CF9CE266F4B}.Debug|Any CPU.Build.0 = Debug|Any CPU
		{24681AE2-3E7D-8FAF-1401-0CF9CE266F4B}.Release|Any CPU.ActiveCfg = Release|Any CPU
		{24681AE2-3E7D-8FAF-1401-0CF9CE266F4B}.Release|Any CPU.Build.0 = Release|Any CPU
	EndGlobalSection
	GlobalSection(SolutionProperties) = preSolution
		HideSolutionNode = FALSE
	EndGlobalSection
	GlobalSection(ExtensibilityGlobals) = postSolution
		SolutionGuid = {B999D78F-8CC1-41EB-8F45-8156D345A37D}
	EndGlobalSection
EndGlobal
